{
  "name": "youtube-dlp-wrapper",
  "version": "0.1.0",
  "lockfileVersion": 3,
  "requires": true,
  "packages": {
    "": {
      "name": "youtube-dlp-wrapper",
      "version": "0.1.0",
      "license": "MIT",
      "bin": {
        "youtube-dlp-wrapper": "bin/cli.js"
      },
      "engines": {
        "node": ">=20 <21"
      }
    }
  }
}
